
Microsoft Visual Studio Solution File, Format Version 12.00
# Visual Studio Version 16
VisualStudioVersion = 16.0.30611.23
MinimumVisualStudioVersion = 10.0.40219.1
Project("{FAE04EC0-301F-11D3-BF4B-00C04F79EFBC}") = "SocialMediaChallenge", "SocialMediaChallenge\SocialMediaChallenge.csproj", "{0D831BFD-0002-4483-9BD7-4D48472DAD65}"
EndProject
Global
	GlobalSection(SolutionConfigurationPlatforms) = preSolution
		Debug|Any CPU = Debug|Any CPU
		Release|Any CPU = Release|Any CPU
	EndGlobalSection
	GlobalSection(ProjectConfigurationPlatforms) = postSolution
		{0D831BFD-0002-4483-9BD7-4D48472DAD65}.Debug|Any CPU.ActiveCfg = Debug|Any CPU
		{0D831BFD-0002-4483-9BD7-4D48472DAD65}.Debug|Any CPU.Build.0 = Debug|Any CPU
		{0D831BFD-0002-4483-9BD7-4D48472DAD65}.Release|Any CPU.ActiveCfg = Release|Any CPU
		{0D831BFD-0002-4483-9BD7-4D48472DAD65}.Release|Any CPU.Build.0 = Release|Any CPU
	EndGlobalSection
	GlobalSection(SolutionProperties) = preSolution
		HideSolutionNode = FALSE
	EndGlobalSection
	GlobalSection(ExtensibilityGlobals) = postSolution
		SolutionGuid = {F27606B9-A474-45AE-B491-ABE4D461665C}
	EndGlobalSection
EndGlobal
